// !$*UTF8*$!
{
	archiveVersion = 1;
	classes = {
	};
	objectVersion = 50;
	objects = {

/* Begin PBXBuildFile section */
		8C2925372178A1B900B05B92 /* AppDelegate.swift in Sources */ = {isa = PBXBuildFile; fileRef = 8C2925362178A1B900B05B92 /* AppDelegate.swift */; };
		8C2925392178A1B900B05B92 /* ViewController.swift in Sources */ = {isa = PBXBuildFile; fileRef = 8C2925382178A1B900B05B92 /* ViewController.swift */; };
		8C29253B2178A1B900B05B92 /* Assets.xcassets in Resources */ = {isa = PBXBuildFile; fileRef = 8C29253A2178A1B900B05B92 /* Assets.xcassets */; };
		8C29253E2178A1B900B05B92 /* Main.storyboard in Resources */ = {isa = PBXBuildFile; fileRef = 8C29253C2178A1B900B05B92 /* Main.storyboard */; };
		8C29254A2178A1BA00B05B92 /* gustaveTests.swift in Sources */ = {isa = PBXBuildFile; fileRef = 8C2925492178A1BA00B05B92 /* gustaveTests.swift */; };
		8C2925552178A1BA00B05B92 /* gustaveUITests.swift in Sources */ = {isa = PBXBuildFile; fileRef = 8C2925542178A1BA00B05B92 /* gustaveUITests.swift */; };
		8C2925632178B5A000B05B92 /* popup.storyboard in Resources */ = {isa = PBXBuildFile; fileRef = 8C2925622178B5A000B05B92 /* popup.storyboard */; };
		8C2925652178B76200B05B92 /* popUpController.swift in Sources */ = {isa = PBXBuildFile; fileRef = 8C2925642178B76200B05B92 /* popUpController.swift */; };
		8C2925672178BF8E00B05B92 /* SwiftHEXColors.framework in Frameworks */ = {isa = PBXBuildFile; fileRef = 8C2925662178BF8E00B05B92 /* SwiftHEXColors.framework */; };
		8C29256C21792D6A00B05B92 /* colorViewController.swift in Sources */ = {isa = PBXBuildFile; fileRef = 8C29256A21792D6A00B05B92 /* colorViewController.swift */; };
		8C2925702179EB1500B05B92 /* Pods_gustave.framework in Frameworks */ = {isa = PBXBuildFile; fileRef = D3E4D8FD719E6FE429648BFD /* Pods_gustave.framework */; };
		8C2925722179EE1600B05B92 /* DynamicColor.framework in Frameworks */ = {isa = PBXBuildFile; fileRef = 8C2925712179EE1600B05B92 /* DynamicColor.framework */; };
		8C292575217A161200B05B92 /* settingPageView.swift in Sources */ = {isa = PBXBuildFile; fileRef = 8C292573217A161200B05B92 /* settingPageView.swift */; };
		8C292576217A161200B05B92 /* settingPageView.xib in Resources */ = {isa = PBXBuildFile; fileRef = 8C292574217A161200B05B92 /* settingPageView.xib */; };
/* End PBXBuildFile section */

/* Begin PBXContainerItemProxy section */
		8C2925462178A1B900B05B92 /* PBXContainerItemProxy */ = {
			isa = PBXContainerItemProxy;
			containerPortal = 8C29252B2178A1B900B05B92 /* Project object */;
			proxyType = 1;
			remoteGlobalIDString = 8C2925322178A1B900B05B92;
			remoteInfo = gustave;
		};
		8C2925512178A1BA00B05B92 /* PBXContainerItemProxy */ = {
			isa = PBXContainerItemProxy;
			containerPortal = 8C29252B2178A1B900B05B92 /* Project object */;
			proxyType = 1;
			remoteGlobalIDString = 8C2925322178A1B900B05B92;
			remoteInfo = gustave;
		};
/* End PBXContainerItemProxy section */

/* Begin PBXFileReference section */
		069717A721016C7E1A344B8B /* Pods-gustave.release.xcconfig */ = {isa = PBXFileReference; includeInIndex = 1; lastKnownFileType = text.xcconfig; name = "Pods-gustave.release.xcconfig"; path = "Pods/Target Support Files/Pods-gustave/Pods-gustave.release.xcconfig"; sourceTree = "<group>"; };
		8C2925332178A1B900B05B92 /* gustave.app */ = {isa = PBXFileReference; explicitFileType = wrapper.application; includeInIndex = 0; path = gustave.app; sourceTree = BUILT_PRODUCTS_DIR; };
		8C2925362178A1B900B05B92 /* AppDelegate.swift */ = {isa = PBXFileReference; lastKnownFileType = sourcecode.swift; path = AppDelegate.swift; sourceTree = "<group>"; };
		8C2925382178A1B900B05B92 /* ViewController.swift */ = {isa = PBXFileReference; lastKnownFileType = sourcecode.swift; path = ViewController.swift; sourceTree = "<group>"; };
		8C29253A2178A1B900B05B92 /* Assets.xcassets */ = {isa = PBXFileReference; lastKnownFileType = folder.assetcatalog; path = Assets.xcassets; sourceTree = "<group>"; };
		8C29253D2178A1B900B05B92 /* Base */ = {isa = PBXFileReference; lastKnownFileType = file.storyboard; name = Base; path = Base.lproj/Main.storyboard; sourceTree = "<group>"; };
		8C29253F2178A1B900B05B92 /* Info.plist */ = {isa = PBXFileReference; lastKnownFileType = text.plist.xml; path = Info.plist; sourceTree = "<group>"; };
		8C2925402178A1B900B05B92 /* gustave.entitlements */ = {isa = PBXFileReference; lastKnownFileType = text.plist.entitlements; path = gustave.entitlements; sourceTree = "<group>"; };
		8C2925452178A1B900B05B92 /* gustaveTests.xctest */ = {isa = PBXFileReference; explicitFileType = wrapper.cfbundle; includeInIndex = 0; path = gustaveTests.xctest; sourceTree = BUILT_PRODUCTS_DIR; };
		8C2925492178A1BA00B05B92 /* gustaveTests.swift */ = {isa = PBXFileReference; lastKnownFileType = sourcecode.swift; path = gustaveTests.swift; sourceTree = "<group>"; };
		8C29254B2178A1BA00B05B92 /* Info.plist */ = {isa = PBXFileReference; lastKnownFileType = text.plist.xml; path = Info.plist; sourceTree = "<group>"; };
		8C2925502178A1BA00B05B92 /* gustaveUITests.xctest */ = {isa = PBXFileReference; explicitFileType = wrapper.cfbundle; includeInIndex = 0; path = gustaveUITests.xctest; sourceTree = BUILT_PRODUCTS_DIR; };
		8C2925542178A1BA00B05B92 /* gustaveUITests.swift */ = {isa = PBXFileReference; lastKnownFileType = sourcecode.swift; path = gustaveUITests.swift; sourceTree = "<group>"; };
		8C2925562178A1BA00B05B92 /* Info.plist */ = {isa = PBXFileReference; lastKnownFileType = text.plist.xml; path = Info.plist; sourceTree = "<group>"; };
		8C2925622178B5A000B05B92 /* popup.storyboard */ = {isa = PBXFileReference; lastKnownFileType = file.storyboard; path = popup.storyboard; sourceTree = "<group>"; };
		8C2925642178B76200B05B92 /* popUpController.swift */ = {isa = PBXFileReference; lastKnownFileType = sourcecode.swift; path = popUpController.swift; sourceTree = "<group>"; };
		8C2925662178BF8E00B05B92 /* SwiftHEXColors.framework */ = {isa = PBXFileReference; explicitFileType = wrapper.framework; path = SwiftHEXColors.framework; sourceTree = BUILT_PRODUCTS_DIR; };
		8C29256A21792D6A00B05B92 /* colorViewController.swift */ = {isa = PBXFileReference; lastKnownFileType = sourcecode.swift; path = colorViewController.swift; sourceTree = "<group>"; };
		8C29256E2179E94400B05B92 /* RandomColorSwift.framework */ = {isa = PBXFileReference; explicitFileType = wrapper.framework; path = RandomColorSwift.framework; sourceTree = BUILT_PRODUCTS_DIR; };
		8C2925712179EE1600B05B92 /* DynamicColor.framework */ = {isa = PBXFileReference; explicitFileType = wrapper.framework; path = DynamicColor.framework; sourceTree = BUILT_PRODUCTS_DIR; };
		8C292573217A161200B05B92 /* settingPageView.swift */ = {isa = PBXFileReference; lastKnownFileType = sourcecode.swift; path = settingPageView.swift; sourceTree = "<group>"; };
		8C292574217A161200B05B92 /* settingPageView.xib */ = {isa = PBXFileReference; lastKnownFileType = file.xib; path = settingPageView.xib; sourceTree = "<group>"; };
		C14EA950F80BF9D567777142 /* Pods-gustave.debug.xcconfig */ = {isa = PBXFileReference; includeInIndex = 1; lastKnownFileType = text.xcconfig; name = "Pods-gustave.debug.xcconfig"; path = "Pods/Target Support Files/Pods-gustave/Pods-gustave.debug.xcconfig"; sourceTree = "<group>"; };
		D3E4D8FD719E6FE429648BFD /* Pods_gustave.framework */ = {isa = PBXFileReference; explicitFileType = wrapper.framework; includeInIndex = 0; path = Pods_gustave.framework; sourceTree = BUILT_PRODUCTS_DIR; };
/* End PBXFileReference section */

/* Begin PBXFrameworksBuildPhase section */
		8C2925302178A1B900B05B92 /* Frameworks */ = {
			isa = PBXFrameworksBuildPhase;
			buildActionMask = 2147483647;
			files = (
				8C2925722179EE1600B05B92 /* DynamicColor.framework in Frameworks */,
				8C2925702179EB1500B05B92 /* Pods_gustave.framework in Frameworks */,
				8C2925672178BF8E00B05B92 /* SwiftHEXColors.framework in Frameworks */,
			);
			runOnlyForDeploymentPostprocessing = 0;
		};
		8C2925422178A1B900B05B92 /* Frameworks */ = {
			isa = PBXFrameworksBuildPhase;
			buildActionMask = 2147483647;
			files = (
			);
			runOnlyForDeploymentPostprocessing = 0;
		};
		8C29254D2178A1BA00B05B92 /* Frameworks */ = {
			isa = PBXFrameworksBuildPhase;
			buildActionMask = 2147483647;
			files = (
			);
			runOnlyForDeploymentPostprocessing = 0;
		};
/* End PBXFrameworksBuildPhase section */

/* Begin PBXGroup section */
		2FACDF8F2B45301EB264C6CD /* Frameworks */ = {
			isa = PBXGroup;
			children = (
				8C2925712179EE1600B05B92 /* DynamicColor.framework */,
				8C29256E2179E94400B05B92 /* RandomColorSwift.framework */,
				8C2925662178BF8E00B05B92 /* SwiftHEXColors.framework */,
				D3E4D8FD719E6FE429648BFD /* Pods_gustave.framework */,
			);
			name = Frameworks;
			sourceTree = "<group>";
		};
		8C29252A2178A1B900B05B92 = {
			isa = PBXGroup;
			children = (
				8C2925352178A1B900B05B92 /* gustave */,
				8C2925482178A1BA00B05B92 /* gustaveTests */,
				8C2925532178A1BA00B05B92 /* gustaveUITests */,
				8C2925342178A1B900B05B92 /* Products */,
				E47F52E7F5D311BF7F4E4C25 /* Pods */,
				2FACDF8F2B45301EB264C6CD /* Frameworks */,
			);
			sourceTree = "<group>";
		};
		8C2925342178A1B900B05B92 /* Products */ = {
			isa = PBXGroup;
			children = (
				8C2925332178A1B900B05B92 /* gustave.app */,
				8C2925452178A1B900B05B92 /* gustaveTests.xctest */,
				8C2925502178A1BA00B05B92 /* gustaveUITests.xctest */,
			);
			name = Products;
			sourceTree = "<group>";
		};
		8C2925352178A1B900B05B92 /* gustave */ = {
			isa = PBXGroup;
			children = (
				8C2925362178A1B900B05B92 /* AppDelegate.swift */,
				8C2925642178B76200B05B92 /* popUpController.swift */,
				8C292573217A161200B05B92 /* settingPageView.swift */,
				8C292574217A161200B05B92 /* settingPageView.xib */,
				8C2925382178A1B900B05B92 /* ViewController.swift */,
				8C29253A2178A1B900B05B92 /* Assets.xcassets */,
				8C29253C2178A1B900B05B92 /* Main.storyboard */,
				8C29256A21792D6A00B05B92 /* colorViewController.swift */,
				8C2925622178B5A000B05B92 /* popup.storyboard */,
				8C29253F2178A1B900B05B92 /* Info.plist */,
				8C2925402178A1B900B05B92 /* gustave.entitlements */,
			);
			path = gustave;
			sourceTree = "<group>";
		};
		8C2925482178A1BA00B05B92 /* gustaveTests */ = {
			isa = PBXGroup;
			children = (
				8C2925492178A1BA00B05B92 /* gustaveTests.swift */,
				8C29254B2178A1BA00B05B92 /* Info.plist */,
			);
			path = gustaveTests;
			sourceTree = "<group>";
		};
		8C2925532178A1BA00B05B92 /* gustaveUITests */ = {
			isa = PBXGroup;
			children = (
				8C2925542178A1BA00B05B92 /* gustaveUITests.swift */,
				8C2925562178A1BA00B05B92 /* Info.plist */,
			);
			path = gustaveUITests;
			sourceTree = "<group>";
		};
		E47F52E7F5D311BF7F4E4C25 /* Pods */ = {
			isa = PBXGroup;
			children = (
				C14EA950F80BF9D567777142 /* Pods-gustave.debug.xcconfig */,
				069717A721016C7E1A344B8B /* Pods-gustave.release.xcconfig */,
			);
			name = Pods;
			sourceTree = "<group>";
		};
/* End PBXGroup section */

/* Begin PBXNativeTarget section */
		8C2925322178A1B900B05B92 /* gustave */ = {
			isa = PBXNativeTarget;
			buildConfigurationList = 8C2925592178A1BA00B05B92 /* Build configuration list for PBXNativeTarget "gustave" */;
			buildPhases = (
				B687BB6E478C3F69C673E56A /* [CP] Check Pods Manifest.lock */,
				8C29252F2178A1B900B05B92 /* Sources */,
				8C2925302178A1B900B05B92 /* Frameworks */,
				8C2925312178A1B900B05B92 /* Resources */,
				07D40151D71887484907DF5D /* [CP] Embed Pods Frameworks */,
			);
			buildRules = (
			);
			dependencies = (
			);
			name = gustave;
			productName = gustave;
			productReference = 8C2925332178A1B900B05B92 /* gustave.app */;
			productType = "com.apple.product-type.application";
		};
		8C2925442178A1B900B05B92 /* gustaveTests */ = {
			isa = PBXNativeTarget;
			buildConfigurationList = 8C29255C2178A1BA00B05B92 /* Build configuration list for PBXNativeTarget "gustaveTests" */;
			buildPhases = (
				8C2925412178A1B900B05B92 /* Sources */,
				8C2925422178A1B900B05B92 /* Frameworks */,
				8C2925432178A1B900B05B92 /* Resources */,
			);
			buildRules = (
			);
			dependencies = (
				8C2925472178A1B900B05B92 /* PBXTargetDependency */,
			);
			name = gustaveTests;
			productName = gustaveTests;
			productReference = 8C2925452178A1B900B05B92 /* gustaveTests.xctest */;
			productType = "com.apple.product-type.bundle.unit-test";
		};
		8C29254F2178A1BA00B05B92 /* gustaveUITests */ = {
			isa = PBXNativeTarget;
			buildConfigurationList = 8C29255F2178A1BA00B05B92 /* Build configuration list for PBXNativeTarget "gustaveUITests" */;
			buildPhases = (
				8C29254C2178A1BA00B05B92 /* Sources */,
				8C29254D2178A1BA00B05B92 /* Frameworks */,
				8C29254E2178A1BA00B05B92 /* Resources */,
			);
			buildRules = (
			);
			dependencies = (
				8C2925522178A1BA00B05B92 /* PBXTargetDependency */,
			);
			name = gustaveUITests;
			productName = gustaveUITests;
			productReference = 8C2925502178A1BA00B05B92 /* gustaveUITests.xctest */;
			productType = "com.apple.product-type.bundle.ui-testing";
		};
/* End PBXNativeTarget section */

/* Begin PBXProject section */
		8C29252B2178A1B900B05B92 /* Project object */ = {
			isa = PBXProject;
			attributes = {
				LastSwiftUpdateCheck = 0940;
				LastUpgradeCheck = 0940;
				ORGANIZATIONNAME = "Alexis Benoliel";
				TargetAttributes = {
					8C2925322178A1B900B05B92 = {
						CreatedOnToolsVersion = 9.4.1;
					};
					8C2925442178A1B900B05B92 = {
						CreatedOnToolsVersion = 9.4.1;
						TestTargetID = 8C2925322178A1B900B05B92;
					};
					8C29254F2178A1BA00B05B92 = {
						CreatedOnToolsVersion = 9.4.1;
						TestTargetID = 8C2925322178A1B900B05B92;
					};
				};
			};
			buildConfigurationList = 8C29252E2178A1B900B05B92 /* Build configuration list for PBXProject "gustave" */;
			compatibilityVersion = "Xcode 9.3";
			developmentRegion = en;
			hasScannedForEncodings = 0;
			knownRegions = (
				en,
				Base,
			);
			mainGroup = 8C29252A2178A1B900B05B92;
			productRefGroup = 8C2925342178A1B900B05B92 /* Products */;
			projectDirPath = "";
			projectRoot = "";
			targets = (
				8C2925322178A1B900B05B92 /* gustave */,
				8C2925442178A1B900B05B92 /* gustaveTests */,
				8C29254F2178A1BA00B05B92 /* gustaveUITests */,
			);
		};
/* End PBXProject section */

/* Begin PBXResourcesBuildPhase section */
		8C2925312178A1B900B05B92 /* Resources */ = {
			isa = PBXResourcesBuildPhase;
			buildActionMask = 2147483647;
			files = (
				8C29253B2178A1B900B05B92 /* Assets.xcassets in Resources */,
				8C2925632178B5A000B05B92 /* popup.storyboard in Resources */,
				8C292576217A161200B05B92 /* settingPageView.xib in Resources */,
				8C29253E2178A1B900B05B92 /* Main.storyboard in Resources */,
			);
			runOnlyForDeploymentPostprocessing = 0;
		};
		8C2925432178A1B900B05B92 /* Resources */ = {
			isa = PBXResourcesBuildPhase;
			buildActionMask = 2147483647;
			files = (
			);
			runOnlyForDeploymentPostprocessing = 0;
		};
		8C29254E2178A1BA00B05B92 /* Resources */ = {
			isa = PBXResourcesBuildPhase;
			buildActionMask = 2147483647;
			files = (
			);
			runOnlyForDeploymentPostprocessing = 0;
		};
/* End PBXResourcesBuildPhase section */

/* Begin PBXShellScriptBuildPhase section */
		07D40151D71887484907DF5D /* [CP] Embed Pods Frameworks */ = {
			isa = PBXShellScriptBuildPhase;
			buildActionMask = 2147483647;
			files = (
			);
			inputPaths = (
				"${SRCROOT}/Pods/Target Support Files/Pods-gustave/Pods-gustave-frameworks.sh",
				"${BUILT_PRODUCTS_DIR}/DynamicColor/DynamicColor.framework",
				"${BUILT_PRODUCTS_DIR}/SwiftHEXColors/SwiftHEXColors.framework",
			);
			name = "[CP] Embed Pods Frameworks";
			outputPaths = (
				"${TARGET_BUILD_DIR}/${FRAMEWORKS_FOLDER_PATH}/DynamicColor.framework",
				"${TARGET_BUILD_DIR}/${FRAMEWORKS_FOLDER_PATH}/SwiftHEXColors.framework",
			);
			runOnlyForDeploymentPostprocessing = 0;
			shellPath = /bin/sh;
			shellScript = "\"${SRCROOT}/Pods/Target Support Files/Pods-gustave/Pods-gustave-frameworks.sh\"\n";
			showEnvVarsInLog = 0;
		};
		B687BB6E478C3F69C673E56A /* [CP] Check Pods Manifest.lock */ = {
			isa = PBXShellScriptBuildPhase;
			buildActionMask = 2147483647;
			files = (
			);
			inputPaths = (
				"${PODS_PODFILE_DIR_PATH}/Podfile.lock",
				"${PODS_ROOT}/Manifest.lock",
			);
			name = "[CP] Check Pods Manifest.lock";
			outputPaths = (
				"$(DERIVED_FILE_DIR)/Pods-gustave-checkManifestLockResult.txt",
			);
			runOnlyForDeploymentPostprocessing = 0;
			shellPath = /bin/sh;
			shellScript = "diff \"${PODS_PODFILE_DIR_PATH}/Podfile.lock\" \"${PODS_ROOT}/Manifest.lock\" > /dev/null\nif [ $? != 0 ] ; then\n    # print error to STDERR\n    echo \"error: The sandbox is not in sync with the Podfile.lock. Run 'pod install' or update your CocoaPods installation.\" >&2\n    exit 1\nfi\n# This output is used by Xcode 'outputs' to avoid re-running this script phase.\necho \"SUCCESS\" > \"${SCRIPT_OUTPUT_FILE_0}\"\n";
			showEnvVarsInLog = 0;
		};
/* End PBXShellScriptBuildPhase section */

/* Begin PBXSourcesBuildPhase section */
		8C29252F2178A1B900B05B92 /* Sources */ = {
			isa = PBXSourcesBuildPhase;
			buildActionMask = 2147483647;
			files = (
				8C2925652178B76200B05B92 /* popUpController.swift in Sources */,
				8C2925392178A1B900B05B92 /* ViewController.swift in Sources */,
				8C29256C21792D6A00B05B92 /* colorViewController.swift in Sources */,
				8C2925372178A1B900B05B92 /* AppDelegate.swift in Sources */,
				8C292575217A161200B05B92 /* settingPageView.swift in Sources */,
			);
			runOnlyForDeploymentPostprocessing = 0;
		};
		8C2925412178A1B900B05B92 /* Sources */ = {
			isa = PBXSourcesBuildPhase;
			buildActionMask = 2147483647;
			files = (
				8C29254A2178A1BA00B05B92 /* gustaveTests.swift in Sources */,
			);
			runOnlyForDeploymentPostprocessing = 0;
		};
		8C29254C2178A1BA00B05B92 /* Sources */ = {
			isa = PBXSourcesBuildPhase;
			buildActionMask = 2147483647;
			files = (
				8C2925552178A1BA00B05B92 /* gustaveUITests.swift in Sources */,
			);
			runOnlyForDeploymentPostprocessing = 0;
		};
/* End PBXSourcesBuildPhase section */

/* Begin PBXTargetDependency section */
		8C2925472178A1B900B05B92 /* PBXTargetDependency */ = {
			isa = PBXTargetDependency;
			target = 8C2925322178A1B900B05B92 /* gustave */;
			targetProxy = 8C2925462178A1B900B05B92 /* PBXContainerItemProxy */;
		};
		8C2925522178A1BA00B05B92 /* PBXTargetDependency */ = {
			isa = PBXTargetDependency;
			target = 8C2925322178A1B900B05B92 /* gustave */;
			targetProxy = 8C2925512178A1BA00B05B92 /* PBXContainerItemProxy */;
		};
/* End PBXTargetDependency section */

/* Begin PBXVariantGroup section */
		8C29253C2178A1B900B05B92 /* Main.storyboard */ = {
			isa = PBXVariantGroup;
			children = (
				8C29253D2178A1B900B05B92 /* Base */,
			);
			name = Main.storyboard;
			sourceTree = "<group>";
		};
/* End PBXVariantGroup section */

/* Begin XCBuildConfiguration section */
		8C2925572178A1BA00B05B92 /* Debug */ = {
			isa = XCBuildConfiguration;
			buildSettings = {
				ALWAYS_SEARCH_USER_PATHS = NO;
				CLANG_ANALYZER_NONNULL = YES;
				CLANG_ANALYZER_NUMBER_OBJECT_CONVERSION = YES_AGGRESSIVE;
				CLANG_CXX_LANGUAGE_STANDARD = "gnu++14";
				CLANG_CXX_LIBRARY = "libc++";
				CLANG_ENABLE_MODULES = YES;
				CLANG_ENABLE_OBJC_ARC = YES;
				CLANG_ENABLE_OBJC_WEAK = YES;
				CLANG_WARN_BLOCK_CAPTURE_AUTORELEASING = YES;
				CLANG_WARN_BOOL_CONVERSION = YES;
				CLANG_WARN_COMMA = YES;
				CLANG_WARN_CONSTANT_CONVERSION = YES;
				CLANG_WARN_DEPRECATED_OBJC_IMPLEMENTATIONS = YES;
				CLANG_WARN_DIRECT_OBJC_ISA_USAGE = YES_ERROR;
				CLANG_WARN_DOCUMENTATION_COMMENTS = YES;
				CLANG_WARN_EMPTY_BODY = YES;
				CLANG_WARN_ENUM_CONVERSION = YES;
				CLANG_WARN_INFINITE_RECURSION = YES;
				CLANG_WARN_INT_CONVERSION = YES;
				CLANG_WARN_NON_LITERAL_NULL_CONVERSION = YES;
				CLANG_WARN_OBJC_IMPLICIT_RETAIN_SELF = YES;
				CLANG_WARN_OBJC_LITERAL_CONVERSION = YES;
				CLANG_WARN_OBJC_ROOT_CLASS = YES_ERROR;
				CLANG_WARN_RANGE_LOOP_ANALYSIS = YES;
				CLANG_WARN_STRICT_PROTOTYPES = YES;
				CLANG_WARN_SUSPICIOUS_MOVE = YES;
				CLANG_WARN_UNGUARDED_AVAILABILITY = YES_AGGRESSIVE;
				CLANG_WARN_UNREACHABLE_CODE = YES;
				CLANG_WARN__DUPLICATE_METHOD_MATCH = YES;
				CODE_SIGN_IDENTITY = "-";
				COPY_PHASE_STRIP = NO;
				DEBUG_INFORMATION_FORMAT = dwarf;
				ENABLE_STRICT_OBJC_MSGSEND = YES;
				ENABLE_TESTABILITY = YES;
				GCC_C_LANGUAGE_STANDARD = gnu11;
				GCC_DYNAMIC_NO_PIC = NO;
				GCC_NO_COMMON_BLOCKS = YES;
				GCC_OPTIMIZATION_LEVEL = 0;
				GCC_PREPROCESSOR_DEFINITIONS = (
					"DEBUG=1",
					"$(inherited)",
				);
				GCC_WARN_64_TO_32_BIT_CONVERSION = YES;
				GCC_WARN_ABOUT_RETURN_TYPE = YES_ERROR;
				GCC_WARN_UNDECLARED_SELECTOR = YES;
				GCC_WARN_UNINITIALIZED_AUTOS = YES_AGGRESSIVE;
				GCC_WARN_UNUSED_FUNCTION = YES;
				GCC_WARN_UNUSED_VARIABLE = YES;
				MACOSX_DEPLOYMENT_TARGET = 10.13;
				MTL_ENABLE_DEBUG_INFO = YES;
				ONLY_ACTIVE_ARCH = YES;
				SDKROOT = macosx;
				SWIFT_ACTIVE_COMPILATION_CONDITIONS = DEBUG;
				SWIFT_OPTIMIZATION_LEVEL = "-Onone";
			};
			name = Debug;
		};
		8C2925582178A1BA00B05B92 /* Release */ = {
			isa = XCBuildConfiguration;
			buildSettings = {
				ALWAYS_SEARCH_USER_PATHS = NO;
				CLANG_ANALYZER_NONNULL = YES;
				CLANG_ANALYZER_NUMBER_OBJECT_CONVERSION = YES_AGGRESSIVE;
				CLANG_CXX_LANGUAGE_STANDARD = "gnu++14";
				CLANG_CXX_LIBRARY = "libc++";
				CLANG_ENABLE_MODULES = YES;
				CLANG_ENABLE_OBJC_ARC = YES;
				CLANG_ENABLE_OBJC_WEAK = YES;
				CLANG_WARN_BLOCK_CAPTURE_AUTORELEASING = YES;
				CLANG_WARN_BOOL_CONVERSION = YES;
				CLANG_WARN_COMMA = YES;
				CLANG_WARN_CONSTANT_CONVERSION = YES;
				CLANG_WARN_DEPRECATED_OBJC_IMPLEMENTATIONS = YES;
				CLANG_WARN_DIRECT_OBJC_ISA_USAGE = YES_ERROR;
				CLANG_WARN_DOCUMENTATION_COMMENTS = YES;
				CLANG_WARN_EMPTY_BODY = YES;
				CLANG_WARN_ENUM_CONVERSION = YES;
				CLANG_WARN_INFINITE_RECURSION = YES;
				CLANG_WARN_INT_CONVERSION = YES;
				CLANG_WARN_NON_LITERAL_NULL_CONVERSION = YES;
				CLANG_WARN_OBJC_IMPLICIT_RETAIN_SELF = YES;
				CLANG_WARN_OBJC_LITERAL_CONVERSION = YES;
				CLANG_WARN_OBJC_ROOT_CLASS = YES_ERROR;
				CLANG_WARN_RANGE_LOOP_ANALYSIS = YES;
				CLANG_WARN_STRICT_PROTOTYPES = YES;
				CLANG_WARN_SUSPICIOUS_MOVE = YES;
				CLANG_WARN_UNGUARDED_AVAILABILITY = YES_AGGRESSIVE;
				CLANG_WARN_UNREACHABLE_CODE = YES;
				CLANG_WARN__DUPLICATE_METHOD_MATCH = YES;
				CODE_SIGN_IDENTITY = "-";
				COPY_PHASE_STRIP = NO;
				DEBUG_INFORMATION_FORMAT = "dwarf-with-dsym";
				ENABLE_NS_ASSERTIONS = NO;
				ENABLE_STRICT_OBJC_MSGSEND = YES;
				GCC_C_LANGUAGE_STANDARD = gnu11;
				GCC_NO_COMMON_BLOCKS = YES;
				GCC_WARN_64_TO_32_BIT_CONVERSION = YES;
				GCC_WARN_ABOUT_RETURN_TYPE = YES_ERROR;
				GCC_WARN_UNDECLARED_SELECTOR = YES;
				GCC_WARN_UNINITIALIZED_AUTOS = YES_AGGRESSIVE;
				GCC_WARN_UNUSED_FUNCTION = YES;
				GCC_WARN_UNUSED_VARIABLE = YES;
				MACOSX_DEPLOYMENT_TARGET = 10.13;
				MTL_ENABLE_DEBUG_INFO = NO;
				SDKROOT = macosx;
				SWIFT_COMPILATION_MODE = wholemodule;
				SWIFT_OPTIMIZATION_LEVEL = "-O";
			};
			name = Release;
		};
		8C29255A2178A1BA00B05B92 /* Debug */ = {
			isa = XCBuildConfiguration;
			baseConfigurationReference = C14EA950F80BF9D567777142 /* Pods-gustave.debug.xcconfig */;
			buildSettings = {
				ASSETCATALOG_COMPILER_APPICON_NAME = AppIcon;
				CODE_SIGN_ENTITLEMENTS = gustave/gustave.entitlements;
				CODE_SIGN_STYLE = Automatic;
				COMBINE_HIDPI_IMAGES = YES;
				INFOPLIST_FILE = gustave/Info.plist;
				LD_RUNPATH_SEARCH_PATHS = (
					"$(inherited)",
					"@executable_path/../Frameworks",
				);
				PRODUCT_BUNDLE_IDENTIFIER = com.alexisbenoliel.gustave;
				PRODUCT_NAME = "$(TARGET_NAME)";
				SWIFT_VERSION = 4.0;
			};
			name = Debug;
		};
		8C29255B2178A1BA00B05B92 /* Release */ = {
			isa = XCBuildConfiguration;
			baseConfigurationReference = 069717A721016C7E1A344B8B /* Pods-gustave.release.xcconfig */;
			buildSettings = {
				ASSETCATALOG_COMPILER_APPICON_NAME = AppIcon;
				CODE_SIGN_ENTITLEMENTS = gustave/gustave.entitlements;
				CODE_SIGN_STYLE = Automatic;
				COMBINE_HIDPI_IMAGES = YES;
				INFOPLIST_FILE = gustave/Info.plist;
				LD_RUNPATH_SEARCH_PATHS = (
					"$(inherited)",
					"@executable_path/../Frameworks",
				);
				PRODUCT_BUNDLE_IDENTIFIER = com.alexisbenoliel.gustave;
				PRODUCT_NAME = "$(TARGET_NAME)";
				SWIFT_VERSION = 4.0;
			};
			name = Release;
		};
		8C29255D2178A1BA00B05B92 /* Debug */ = {
			isa = XCBuildConfiguration;
			buildSettings = {
				ALWAYS_EMBED_SWIFT_STANDARD_LIBRARIES = YES;
				BUNDLE_LOADER = "$(TEST_HOST)";
				CODE_SIGN_STYLE = Automatic;
				COMBINE_HIDPI_IMAGES = YES;
				INFOPLIST_FILE = gustaveTests/Info.plist;
				LD_RUNPATH_SEARCH_PATHS = (
					"$(inherited)",
					"@executable_path/../Frameworks",
					"@loader_path/../Frameworks",
				);
				PRODUCT_BUNDLE_IDENTIFIER = com.alexisbenoliel.gustaveTests;
				PRODUCT_NAME = "$(TARGET_NAME)";
				SWIFT_VERSION = 4.0;
				TEST_HOST = "$(BUILT_PRODUCTS_DIR)/gustave.app/Contents/MacOS/gustave";
			};
			name = Debug;
		};
		8C29255E2178A1BA00B05B92 /* Release */ = {
			isa = XCBuildConfiguration;
			buildSettings = {
				ALWAYS_EMBED_SWIFT_STANDARD_LIBRARIES = YES;
				BUNDLE_LOADER = "$(TEST_HOST)";
				CODE_SIGN_STYLE = Automatic;
				COMBINE_HIDPI_IMAGES = YES;
				INFOPLIST_FILE = gustaveTests/Info.plist;
				LD_RUNPATH_SEARCH_PATHS = (
					"$(inherited)",
					"@executable_path/../Frameworks",
					"@loader_path/../Frameworks",
				);
				PRODUCT_BUNDLE_IDENTIFIER = com.alexisbenoliel.gustaveTests;
				PRODUCT_NAME = "$(TARGET_NAME)";
				SWIFT_VERSION = 4.0;
				TEST_HOST = "$(BUILT_PRODUCTS_DIR)/gustave.app/Contents/MacOS/gustave";
			};
			name = Release;
		};
		8C2925602178A1BA00B05B92 /* Debug */ = {
			isa = XCBuildConfiguration;
			buildSettings = {
				ALWAYS_EMBED_SWIFT_STANDARD_LIBRARIES = YES;
				CODE_SIGN_STYLE = Automatic;
				COMBINE_HIDPI_IMAGES = YES;
				INFOPLIST_FILE = gustaveUITests/Info.plist;
				LD_RUNPATH_SEARCH_PATHS = (
					"$(inherited)",
					"@executable_path/../Frameworks",
					"@loader_path/../Frameworks",
				);
				PRODUCT_BUNDLE_IDENTIFIER = com.alexisbenoliel.gustaveUITests;
				PRODUCT_NAME = "$(TARGET_NAME)";
				SWIFT_VERSION = 4.0;
				TEST_TARGET_NAME = gustave;
			};
			name = Debug;
		};
		8C2925612178A1BA00B05B92 /* Release */ = {
			isa = XCBuildConfiguration;
			buildSettings = {
				ALWAYS_EMBED_SWIFT_STANDARD_LIBRARIES = YES;
				CODE_SIGN_STYLE = Automatic;
				COMBINE_HIDPI_IMAGES = YES;
				INFOPLIST_FILE = gustaveUITests/Info.plist;
				LD_RUNPATH_SEARCH_PATHS = (
					"$(inherited)",
					"@executable_path/../Frameworks",
					"@loader_path/../Frameworks",
				);
				PRODUCT_BUNDLE_IDENTIFIER = com.alexisbenoliel.gustaveUITests;
				PRODUCT_NAME = "$(TARGET_NAME)";
				SWIFT_VERSION = 4.0;
				TEST_TARGET_NAME = gustave;
			};
			name = Release;
		};
/* End XCBuildConfiguration section */

/* Begin XCConfigurationList section */
		8C29252E2178A1B900B05B92 /* Build configuration list for PBXProject "gustave" */ = {
			isa = XCConfigurationList;
			buildConfigurations = (
				8C2925572178A1BA00B05B92 /* Debug */,
				8C2925582178A1BA00B05B92 /* Release */,
			);
			defaultConfigurationIsVisible = 0;
			defaultConfigurationName = Release;
		};
		8C2925592178A1BA00B05B92 /* Build configuration list for PBXNativeTarget "gustave" */ = {
			isa = XCConfigurationList;
			buildConfigurations = (
				8C29255A2178A1BA00B05B92 /* Debug */,
				8C29255B2178A1BA00B05B92 /* Release */,
			);
			defaultConfigurationIsVisible = 0;
			defaultConfigurationName = Release;
		};
		8C29255C2178A1BA00B05B92 /* Build configuration list for PBXNativeTarget "gustaveTests" */ = {
			isa = XCConfigurationList;
			buildConfigurations = (
				8C29255D2178A1BA00B05B92 /* Debug */,
				8C29255E2178A1BA00B05B92 /* Release */,
			);
			defaultConfigurationIsVisible = 0;
			defaultConfigurationName = Release;
		};
		8C29255F2178A1BA00B05B92 /* Build configuration list for PBXNativeTarget "gustaveUITests" */ = {
			isa = XCConfigurationList;
			buildConfigurations = (
				8C2925602178A1BA00B05B92 /* Debug */,
				8C2925612178A1BA00B05B92 /* Release */,
			);
			defaultConfigurationIsVisible = 0;
			defaultConfigurationName = Release;
		};
/* End XCConfigurationList section */
	};
	rootObject = 8C29252B2178A1B900B05B92 /* Project object */;
}
